{
  "name": "mp",
  "lockfileVersion": 2,
  "requires": true,
  "packages": {
    "": {
      "dependencies": {
        "@vant/weapp": "^1.9.2",
        "dayjs": "^1.11.5"
      }
    },
    "node_modules/@vant/weapp": {
      "version": "1.9.2",
      "resolved": "https://registry.npmjs.org/@vant/weapp/-/weapp-1.9.2.tgz",
      "integrity": "sha512-brz1JLiXZev4u6cQFyDrGX5xddOHKwKUDgfbUrpqMcpW+dliV4oXMtkDt0rRNfYcEHyfewbvW9O+aas6KJUJYw=="
    },
    "node_modules/dayjs": {
      "version": "1.11.5",
      "resolved": "https://registry.npmjs.org/dayjs/-/dayjs-1.11.5.tgz",
      "integrity": "sha512-CAdX5Q3YW3Gclyo5Vpqkgpj8fSdLQcRuzfX6mC6Phy0nfJ0eGYOeS7m4mt2plDWLAtA4TqTakvbboHvUxfe4iA=="
    }
  },
  "dependencies": {
    "@vant/weapp": {
      "version": "1.9.2",
      "resolved": "https://registry.npmjs.org/@vant/weapp/-/weapp-1.9.2.tgz",
      "integrity": "sha512-brz1JLiXZev4u6cQFyDrGX5xddOHKwKUDgfbUrpqMcpW+dliV4oXMtkDt0rRNfYcEHyfewbvW9O+aas6KJUJYw=="
    },
    "dayjs": {
      "version": "1.11.5",
      "resolved": "https://registry.npmjs.org/dayjs/-/dayjs-1.11.5.tgz",
      "integrity": "sha512-CAdX5Q3YW3Gclyo5Vpqkgpj8fSdLQcRuzfX6mC6Phy0nfJ0eGYOeS7m4mt2plDWLAtA4TqTakvbboHvUxfe4iA=="
    }
  }
}
